
Microsoft Visual Studio Solution File, Format Version 12.00
# Visual Studio Version 17
VisualStudioVersion = 17.10.35122.118
MinimumVisualStudioVersion = 10.0.40219.1
Project("{FAE04EC0-301F-11D3-BF4B-00C04F79EFBC}") = "datatypes", "datatypes\datatypes.csproj", "{11242FA7-BEC2-486C-B9C0-03A42D1257EE}"
EndProject
Global
	GlobalSection(SolutionConfigurationPlatforms) = preSolution
		Debug|Any CPU = Debug|Any CPU
		Release|Any CPU = Release|Any CPU
	EndGlobalSection
	GlobalSection(ProjectConfigurationPlatforms) = postSolution
		{11242FA7-BEC2-486C-B9C0-03A42D1257EE}.Debug|Any CPU.ActiveCfg = Debug|Any CPU
		{11242FA7-BEC2-486C-B9C0-03A42D1257EE}.Debug|Any CPU.Build.0 = Debug|Any CPU
		{11242FA7-BEC2-486C-B9C0-03A42D1257EE}.Release|Any CPU.ActiveCfg = Release|Any CPU
		{11242FA7-BEC2-486C-B9C0-03A42D1257EE}.Release|Any CPU.Build.0 = Release|Any CPU
	EndGlobalSection
	GlobalSection(SolutionProperties) = preSolution
		HideSolutionNode = FALSE
	EndGlobalSection
	GlobalSection(ExtensibilityGlobals) = postSolution
		SolutionGuid = {35C1ACD0-84D9-41D2-AE50-7B722DB86538}
	EndGlobalSection
EndGlobal
